// !$*UTF8*$!
{
	archiveVersion = 1;
	classes = {
	};
	objectVersion = 50;
	objects = {

/* Begin PBXBuildFile section */
		443138AA21845947000C7742 /* AddChainViewController.swift in Sources */ = {isa = PBXBuildFile; fileRef = 443138A221845946000C7742 /* AddChainViewController.swift */; };
		443138AB21845947000C7742 /* AddPeerViewController.swift in Sources */ = {isa = PBXBuildFile; fileRef = 443138A321845946000C7742 /* AddPeerViewController.swift */; };
		443138AC21845947000C7742 /* ChainsViewController.swift in Sources */ = {isa = PBXBuildFile; fileRef = 443138A421845946000C7742 /* ChainsViewController.swift */; };
		443138AD21845947000C7742 /* PeersViewController.swift in Sources */ = {isa = PBXBuildFile; fileRef = 443138A521845946000C7742 /* PeersViewController.swift */; };
		443138AE21845947000C7742 /* BlocksViewController.swift in Sources */ = {isa = PBXBuildFile; fileRef = 443138A621845946000C7742 /* BlocksViewController.swift */; };
		443138AF21845947000C7742 /* NewBlockViewController.swift in Sources */ = {isa = PBXBuildFile; fileRef = 443138A721845946000C7742 /* NewBlockViewController.swift */; };
		443138B021845947000C7742 /* BlockDetailViewController.swift in Sources */ = {isa = PBXBuildFile; fileRef = 443138A821845947000C7742 /* BlockDetailViewController.swift */; };
		443138B121845947000C7742 /* NewChainViewController.swift in Sources */ = {isa = PBXBuildFile; fileRef = 443138A921845947000C7742 /* NewChainViewController.swift */; };
		443138B32184597C000C7742 /* Developer.storyboard in Resources */ = {isa = PBXBuildFile; fileRef = 443138B22184597C000C7742 /* Developer.storyboard */; };
		443138B521849337000C7742 /* Extensions.swift in Sources */ = {isa = PBXBuildFile; fileRef = 443138B421849337000C7742 /* Extensions.swift */; };
		443425732125592D00A5F738 /* ProfileEditViewController.swift in Sources */ = {isa = PBXBuildFile; fileRef = 443425722125592D00A5F738 /* ProfileEditViewController.swift */; };
		4434257521255FE500A5F738 /* MeViewController.swift in Sources */ = {isa = PBXBuildFile; fileRef = 4434257421255FE500A5F738 /* MeViewController.swift */; };
		4434257721268DBC00A5F738 /* UserNotificationViewController.swift in Sources */ = {isa = PBXBuildFile; fileRef = 4434257621268DBC00A5F738 /* UserNotificationViewController.swift */; };
		443F68EF211D9D1D00ADF657 /* TopicCollectionViewController.swift in Sources */ = {isa = PBXBuildFile; fileRef = 443F68EE211D9D1D00ADF657 /* TopicCollectionViewController.swift */; };
		443F68F1211DA3FD00ADF657 /* FollowingViewController.swift in Sources */ = {isa = PBXBuildFile; fileRef = 443F68F0211DA3FD00ADF657 /* FollowingViewController.swift */; };
		443F68F3211DA48100ADF657 /* NoteFlowViewController.swift in Sources */ = {isa = PBXBuildFile; fileRef = 443F68F2211DA48100ADF657 /* NoteFlowViewController.swift */; };
		443F68F5211F00C100ADF657 /* DiscoveryContainerViewController.swift in Sources */ = {isa = PBXBuildFile; fileRef = 443F68F4211F00C100ADF657 /* DiscoveryContainerViewController.swift */; };
		443F68F72122F0E100ADF657 /* NewNoteViewController.swift in Sources */ = {isa = PBXBuildFile; fileRef = 443F68F62122F0E100ADF657 /* NewNoteViewController.swift */; };
		44561650211AFD37002BE1B7 /* NoteViewController.swift in Sources */ = {isa = PBXBuildFile; fileRef = 4456164F211AFD37002BE1B7 /* NoteViewController.swift */; };
		44561652211B1B9E002BE1B7 /* CommentCell.swift in Sources */ = {isa = PBXBuildFile; fileRef = 44561651211B1B9E002BE1B7 /* CommentCell.swift */; };
		44561654211C3075002BE1B7 /* KeyPairViewController.swift in Sources */ = {isa = PBXBuildFile; fileRef = 44561653211C3075002BE1B7 /* KeyPairViewController.swift */; };
		44561656211D885B002BE1B7 /* DiscoveryViewController.swift in Sources */ = {isa = PBXBuildFile; fileRef = 44561655211D885B002BE1B7 /* DiscoveryViewController.swift */; };
		44636972215B533F00373FB8 /* Networking.swift in Sources */ = {isa = PBXBuildFile; fileRef = 44636971215B533F00373FB8 /* Networking.swift */; };
		44636974215B568A00373FB8 /* Models.swift in Sources */ = {isa = PBXBuildFile; fileRef = 44636973215B568A00373FB8 /* Models.swift */; };
		44D517E5211185E100ED8477 /* AppDelegate.swift in Sources */ = {isa = PBXBuildFile; fileRef = 44D517E4211185E100ED8477 /* AppDelegate.swift */; };
		44D517EA211185E100ED8477 /* Entrance.storyboard in Resources */ = {isa = PBXBuildFile; fileRef = 44D517E8211185E100ED8477 /* Entrance.storyboard */; };
		44D517EC211185E300ED8477 /* Assets.xcassets in Resources */ = {isa = PBXBuildFile; fileRef = 44D517EB211185E300ED8477 /* Assets.xcassets */; };
		44D517EF211185E300ED8477 /* LaunchScreen.storyboard in Resources */ = {isa = PBXBuildFile; fileRef = 44D517ED211185E300ED8477 /* LaunchScreen.storyboard */; };
		44EC428A211196170054584C /* LaunchViewController.swift in Sources */ = {isa = PBXBuildFile; fileRef = 44EC4289211196170054584C /* LaunchViewController.swift */; };
		44EC428C211196210054584C /* LoginViewController.swift in Sources */ = {isa = PBXBuildFile; fileRef = 44EC428B211196210054584C /* LoginViewController.swift */; };
		44EC42902111DF2C0054584C /* UIView+Tools.swift in Sources */ = {isa = PBXBuildFile; fileRef = 44EC428F2111DF2C0054584C /* UIView+Tools.swift */; };
		44EC42922112AF180054584C /* Main.storyboard in Resources */ = {isa = PBXBuildFile; fileRef = 44EC42912112AF180054584C /* Main.storyboard */; };
		44EC42972112B0F60054584C /* MainCell.swift in Sources */ = {isa = PBXBuildFile; fileRef = 44EC42952112B0F60054584C /* MainCell.swift */; };
		44EC429A2112B9B90054584C /* HomeViewController.swift in Sources */ = {isa = PBXBuildFile; fileRef = 44EC42992112B9B90054584C /* HomeViewController.swift */; };
		44EC429D21131BF90054584C /* UserHeaderView.swift in Sources */ = {isa = PBXBuildFile; fileRef = 44EC429C21131BF90054584C /* UserHeaderView.swift */; };
		44EC429F21131C0C0054584C /* UserViewController.swift in Sources */ = {isa = PBXBuildFile; fileRef = 44EC429E21131C0C0054584C /* UserViewController.swift */; };
		44EC42A121131C1A0054584C /* User.storyboard in Resources */ = {isa = PBXBuildFile; fileRef = 44EC42A021131C1A0054584C /* User.storyboard */; };
		44EC42A3211345820054584C /* Consts.swift in Sources */ = {isa = PBXBuildFile; fileRef = 44EC42A2211345820054584C /* Consts.swift */; };
		44EC42A6211422BA0054584C /* ImageStackView.swift in Sources */ = {isa = PBXBuildFile; fileRef = 44EC42A5211422BA0054584C /* ImageStackView.swift */; };
		44EC42A92115AB480054584C /* SignUpViewController.swift in Sources */ = {isa = PBXBuildFile; fileRef = 44EC42A82115AB480054584C /* SignUpViewController.swift */; };
		44EC42AB2115ABF60054584C /* PrivateKeyViewController.swift in Sources */ = {isa = PBXBuildFile; fileRef = 44EC42AA2115ABF60054584C /* PrivateKeyViewController.swift */; };
		44EC42AE2115DE880054584C /* QRCodeScannerViewController.swift in Sources */ = {isa = PBXBuildFile; fileRef = 44EC42AD2115DE880054584C /* QRCodeScannerViewController.swift */; };
		CB28578FA927EF01405C4655 /* Pods_infnote.framework in Frameworks */ = {isa = PBXBuildFile; fileRef = EC75CBF2D9A3C98468DD9BC9 /* Pods_infnote.framework */; };
/* End PBXBuildFile section */

/* Begin PBXFileReference section */
		2C2CF4077FA2A36AB2BE111D /* Pods-infnote.release.xcconfig */ = {isa = PBXFileReference; includeInIndex = 1; lastKnownFileType = text.xcconfig; name = "Pods-infnote.release.xcconfig"; path = "Pods/Target Support Files/Pods-infnote/Pods-infnote.release.xcconfig"; sourceTree = "<group>"; };
		443138A221845946000C7742 /* AddChainViewController.swift */ = {isa = PBXFileReference; fileEncoding = 4; lastKnownFileType = sourcecode.swift; path = AddChainViewController.swift; sourceTree = "<group>"; };
		443138A321845946000C7742 /* AddPeerViewController.swift */ = {isa = PBXFileReference; fileEncoding = 4; lastKnownFileType = sourcecode.swift; path = AddPeerViewController.swift; sourceTree = "<group>"; };
		443138A421845946000C7742 /* ChainsViewController.swift */ = {isa = PBXFileReference; fileEncoding = 4; lastKnownFileType = sourcecode.swift; path = ChainsViewController.swift; sourceTree = "<group>"; };
		443138A521845946000C7742 /* PeersViewController.swift */ = {isa = PBXFileReference; fileEncoding = 4; lastKnownFileType = sourcecode.swift; path = PeersViewController.swift; sourceTree = "<group>"; };
		443138A621845946000C7742 /* BlocksViewController.swift */ = {isa = PBXFileReference; fileEncoding = 4; lastKnownFileType = sourcecode.swift; path = BlocksViewController.swift; sourceTree = "<group>"; };
		443138A721845946000C7742 /* NewBlockViewController.swift */ = {isa = PBXFileReference; fileEncoding = 4; lastKnownFileType = sourcecode.swift; path = NewBlockViewController.swift; sourceTree = "<group>"; };
		443138A821845947000C7742 /* BlockDetailViewController.swift */ = {isa = PBXFileReference; fileEncoding = 4; lastKnownFileType = sourcecode.swift; path = BlockDetailViewController.swift; sourceTree = "<group>"; };
		443138A921845947000C7742 /* NewChainViewController.swift */ = {isa = PBXFileReference; fileEncoding = 4; lastKnownFileType = sourcecode.swift; path = NewChainViewController.swift; sourceTree = "<group>"; };
		443138B22184597C000C7742 /* Developer.storyboard */ = {isa = PBXFileReference; fileEncoding = 4; lastKnownFileType = file.storyboard; path = Developer.storyboard; sourceTree = "<group>"; };
		443138B421849337000C7742 /* Extensions.swift */ = {isa = PBXFileReference; lastKnownFileType = sourcecode.swift; path = Extensions.swift; sourceTree = "<group>"; };
		443425722125592D00A5F738 /* ProfileEditViewController.swift */ = {isa = PBXFileReference; lastKnownFileType = sourcecode.swift; path = ProfileEditViewController.swift; sourceTree = "<group>"; };
		4434257421255FE500A5F738 /* MeViewController.swift */ = {isa = PBXFileReference; lastKnownFileType = sourcecode.swift; path = MeViewController.swift; sourceTree = "<group>"; };
		4434257621268DBC00A5F738 /* UserNotificationViewController.swift */ = {isa = PBXFileReference; lastKnownFileType = sourcecode.swift; path = UserNotificationViewController.swift; sourceTree = "<group>"; };
		443F68EE211D9D1D00ADF657 /* TopicCollectionViewController.swift */ = {isa = PBXFileReference; lastKnownFileType = sourcecode.swift; path = TopicCollectionViewController.swift; sourceTree = "<group>"; };
		443F68F0211DA3FD00ADF657 /* FollowingViewController.swift */ = {isa = PBXFileReference; lastKnownFileType = sourcecode.swift; path = FollowingViewController.swift; sourceTree = "<group>"; };
		443F68F2211DA48100ADF657 /* NoteFlowViewController.swift */ = {isa = PBXFileReference; lastKnownFileType = sourcecode.swift; path = NoteFlowViewController.swift; sourceTree = "<group>"; };
		443F68F4211F00C100ADF657 /* DiscoveryContainerViewController.swift */ = {isa = PBXFileReference; lastKnownFileType = sourcecode.swift; path = DiscoveryContainerViewController.swift; sourceTree = "<group>"; };
		443F68F62122F0E100ADF657 /* NewNoteViewController.swift */ = {isa = PBXFileReference; lastKnownFileType = sourcecode.swift; path = NewNoteViewController.swift; sourceTree = "<group>"; };
		4456164F211AFD37002BE1B7 /* NoteViewController.swift */ = {isa = PBXFileReference; lastKnownFileType = sourcecode.swift; path = NoteViewController.swift; sourceTree = "<group>"; };
		44561651211B1B9E002BE1B7 /* CommentCell.swift */ = {isa = PBXFileReference; lastKnownFileType = sourcecode.swift; path = CommentCell.swift; sourceTree = "<group>"; };
		44561653211C3075002BE1B7 /* KeyPairViewController.swift */ = {isa = PBXFileReference; lastKnownFileType = sourcecode.swift; path = KeyPairViewController.swift; sourceTree = "<group>"; };
		44561655211D885B002BE1B7 /* DiscoveryViewController.swift */ = {isa = PBXFileReference; lastKnownFileType = sourcecode.swift; path = DiscoveryViewController.swift; sourceTree = "<group>"; };
		44636971215B533F00373FB8 /* Networking.swift */ = {isa = PBXFileReference; lastKnownFileType = sourcecode.swift; path = Networking.swift; sourceTree = "<group>"; };
		44636973215B568A00373FB8 /* Models.swift */ = {isa = PBXFileReference; lastKnownFileType = sourcecode.swift; path = Models.swift; sourceTree = "<group>"; };
		44D517E1211185E100ED8477 /* infnote.app */ = {isa = PBXFileReference; explicitFileType = wrapper.application; includeInIndex = 0; path = infnote.app; sourceTree = BUILT_PRODUCTS_DIR; };
		44D517E4211185E100ED8477 /* AppDelegate.swift */ = {isa = PBXFileReference; lastKnownFileType = sourcecode.swift; path = AppDelegate.swift; sourceTree = "<group>"; };
		44D517E9211185E100ED8477 /* Base */ = {isa = PBXFileReference; lastKnownFileType = file.storyboard; name = Base; path = Base.lproj/Entrance.storyboard; sourceTree = "<group>"; };
		44D517EB211185E300ED8477 /* Assets.xcassets */ = {isa = PBXFileReference; lastKnownFileType = folder.assetcatalog; path = Assets.xcassets; sourceTree = "<group>"; };
		44D517EE211185E300ED8477 /* Base */ = {isa = PBXFileReference; lastKnownFileType = file.storyboard; name = Base; path = Base.lproj/LaunchScreen.storyboard; sourceTree = "<group>"; };
		44D517F0211185E300ED8477 /* Info.plist */ = {isa = PBXFileReference; lastKnownFileType = text.plist.xml; path = Info.plist; sourceTree = "<group>"; };
		44EC4289211196170054584C /* LaunchViewController.swift */ = {isa = PBXFileReference; lastKnownFileType = sourcecode.swift; path = LaunchViewController.swift; sourceTree = "<group>"; };
		44EC428B211196210054584C /* LoginViewController.swift */ = {isa = PBXFileReference; lastKnownFileType = sourcecode.swift; path = LoginViewController.swift; sourceTree = "<group>"; };
		44EC428F2111DF2C0054584C /* UIView+Tools.swift */ = {isa = PBXFileReference; lastKnownFileType = sourcecode.swift; path = "UIView+Tools.swift"; sourceTree = "<group>"; };
		44EC42912112AF180054584C /* Main.storyboard */ = {isa = PBXFileReference; lastKnownFileType = file.storyboard; path = Main.storyboard; sourceTree = "<group>"; };
		44EC42952112B0F60054584C /* MainCell.swift */ = {isa = PBXFileReference; lastKnownFileType = sourcecode.swift; path = MainCell.swift; sourceTree = "<group>"; };
		44EC42992112B9B90054584C /* HomeViewController.swift */ = {isa = PBXFileReference; lastKnownFileType = sourcecode.swift; path = HomeViewController.swift; sourceTree = "<group>"; };
		44EC429C21131BF90054584C /* UserHeaderView.swift */ = {isa = PBXFileReference; lastKnownFileType = sourcecode.swift; path = UserHeaderView.swift; sourceTree = "<group>"; };
		44EC429E21131C0C0054584C /* UserViewController.swift */ = {isa = PBXFileReference; lastKnownFileType = sourcecode.swift; path = UserViewController.swift; sourceTree = "<group>"; };
		44EC42A021131C1A0054584C /* User.storyboard */ = {isa = PBXFileReference; lastKnownFileType = file.storyboard; path = User.storyboard; sourceTree = "<group>"; };
		44EC42A2211345820054584C /* Consts.swift */ = {isa = PBXFileReference; lastKnownFileType = sourcecode.swift; path = Consts.swift; sourceTree = "<group>"; };
		44EC42A5211422BA0054584C /* ImageStackView.swift */ = {isa = PBXFileReference; lastKnownFileType = sourcecode.swift; path = ImageStackView.swift; sourceTree = "<group>"; };
		44EC42A72114839A0054584C /* Bridge.h */ = {isa = PBXFileReference; lastKnownFileType = sourcecode.c.h; path = Bridge.h; sourceTree = "<group>"; };
		44EC42A82115AB480054584C /* SignUpViewController.swift */ = {isa = PBXFileReference; lastKnownFileType = sourcecode.swift; path = SignUpViewController.swift; sourceTree = "<group>"; };
		44EC42AA2115ABF60054584C /* PrivateKeyViewController.swift */ = {isa = PBXFileReference; lastKnownFileType = sourcecode.swift; path = PrivateKeyViewController.swift; sourceTree = "<group>"; };
		44EC42AD2115DE880054584C /* QRCodeScannerViewController.swift */ = {isa = PBXFileReference; lastKnownFileType = sourcecode.swift; path = QRCodeScannerViewController.swift; sourceTree = "<group>"; };
		7446F1B1BF617A51F2456C3F /* Pods-infnote.debug.xcconfig */ = {isa = PBXFileReference; includeInIndex = 1; lastKnownFileType = text.xcconfig; name = "Pods-infnote.debug.xcconfig"; path = "Pods/Target Support Files/Pods-infnote/Pods-infnote.debug.xcconfig"; sourceTree = "<group>"; };
		EC75CBF2D9A3C98468DD9BC9 /* Pods_infnote.framework */ = {isa = PBXFileReference; explicitFileType = wrapper.framework; includeInIndex = 0; path = Pods_infnote.framework; sourceTree = BUILT_PRODUCTS_DIR; };
/* End PBXFileReference section */

/* Begin PBXFrameworksBuildPhase section */
		44D517DE211185E100ED8477 /* Frameworks */ = {
			isa = PBXFrameworksBuildPhase;
			buildActionMask = 2147483647;
			files = (
				CB28578FA927EF01405C4655 /* Pods_infnote.framework in Frameworks */,
			);
			runOnlyForDeploymentPostprocessing = 0;
		};
/* End PBXFrameworksBuildPhase section */

/* Begin PBXGroup section */
		126156CFAADD30A6BBEA70B2 /* Pods */ = {
			isa = PBXGroup;
			children = (
				7446F1B1BF617A51F2456C3F /* Pods-infnote.debug.xcconfig */,
				2C2CF4077FA2A36AB2BE111D /* Pods-infnote.release.xcconfig */,
			);
			name = Pods;
			sourceTree = "<group>";
		};
		443138A121845927000C7742 /* Developer */ = {
			isa = PBXGroup;
			children = (
				443138A221845946000C7742 /* AddChainViewController.swift */,
				443138A321845946000C7742 /* AddPeerViewController.swift */,
				443138A821845947000C7742 /* BlockDetailViewController.swift */,
				443138A621845946000C7742 /* BlocksViewController.swift */,
				443138A421845946000C7742 /* ChainsViewController.swift */,
				443138A721845946000C7742 /* NewBlockViewController.swift */,
				443138A921845947000C7742 /* NewChainViewController.swift */,
				443138A521845946000C7742 /* PeersViewController.swift */,
				443138B22184597C000C7742 /* Developer.storyboard */,
			);
			path = Developer;
			sourceTree = "<group>";
		};
		443425712125590900A5F738 /* User */ = {
			isa = PBXGroup;
			children = (
				44EC429E21131C0C0054584C /* UserViewController.swift */,
				44561653211C3075002BE1B7 /* KeyPairViewController.swift */,
				443425722125592D00A5F738 /* ProfileEditViewController.swift */,
				4434257421255FE500A5F738 /* MeViewController.swift */,
				4434257621268DBC00A5F738 /* UserNotificationViewController.swift */,
			);
			path = User;
			sourceTree = "<group>";
		};
		4456164E211AFCBF002BE1B7 /* Main */ = {
			isa = PBXGroup;
			children = (
				44EC42992112B9B90054584C /* HomeViewController.swift */,
				443F68F4211F00C100ADF657 /* DiscoveryContainerViewController.swift */,
				44561655211D885B002BE1B7 /* DiscoveryViewController.swift */,
				443F68F0211DA3FD00ADF657 /* FollowingViewController.swift */,
				443F68EE211D9D1D00ADF657 /* TopicCollectionViewController.swift */,
				443F68F2211DA48100ADF657 /* NoteFlowViewController.swift */,
				4456164F211AFD37002BE1B7 /* NoteViewController.swift */,
				443F68F62122F0E100ADF657 /* NewNoteViewController.swift */,
			);
			path = Main;
			sourceTree = "<group>";
		};
		44703793212BB29A0040ADFC /* Utilities */ = {
			isa = PBXGroup;
			children = (
				443138B421849337000C7742 /* Extensions.swift */,
			);
			path = Utilities;
			sourceTree = "<group>";
		};
		44703796213017C50040ADFC /* Models */ = {
			isa = PBXGroup;
			children = (
				44636971215B533F00373FB8 /* Networking.swift */,
				44636973215B568A00373FB8 /* Models.swift */,
			);
			path = Models;
			sourceTree = "<group>";
		};
		44D517D8211185E100ED8477 = {
			isa = PBXGroup;
			children = (
				44D517E3211185E100ED8477 /* infnote */,
				44D517E2211185E100ED8477 /* Products */,
				126156CFAADD30A6BBEA70B2 /* Pods */,
				550BADC4A5198F721E9860DC /* Frameworks */,
			);
			sourceTree = "<group>";
		};
		44D517E2211185E100ED8477 /* Products */ = {
			isa = PBXGroup;
			children = (
				44D517E1211185E100ED8477 /* infnote.app */,
			);
			name = Products;
			sourceTree = "<group>";
		};
		44D517E3211185E100ED8477 /* infnote */ = {
			isa = PBXGroup;
			children = (
				443138A121845927000C7742 /* Developer */,
				44703796213017C50040ADFC /* Models */,
				44EC4287211187140054584C /* Views */,
				44EC4288211187240054584C /* Controllers */,
				44703793212BB29A0040ADFC /* Utilities */,
				44EC428E2111DF0E0054584C /* Extensions */,
				44EC4286211186CA0054584C /* Resources */,
			);
			path = infnote;
			sourceTree = "<group>";
		};
		44EC4286211186CA0054584C /* Resources */ = {
			isa = PBXGroup;
			children = (
				44D517EB211185E300ED8477 /* Assets.xcassets */,
				44D517F0211185E300ED8477 /* Info.plist */,
				44EC42A2211345820054584C /* Consts.swift */,
				44D517E4211185E100ED8477 /* AppDelegate.swift */,
				44EC42A72114839A0054584C /* Bridge.h */,
			);
			path = Resources;
			sourceTree = "<group>";
		};
		44EC4287211187140054584C /* Views */ = {
			isa = PBXGroup;
			children = (
				44EC42A4211422A20054584C /* Misc */,
				44EC429B21131BC40054584C /* User */,
				44EC42932112B02A0054584C /* Main */,
				44EC428D2111D3EA0054584C /* Entrance */,
			);
			path = Views;
			sourceTree = "<group>";
		};
		44EC4288211187240054584C /* Controllers */ = {
			isa = PBXGroup;
			children = (
				443425712125590900A5F738 /* User */,
				4456164E211AFCBF002BE1B7 /* Main */,
				44EC42AC2115DD7F0054584C /* Entrance */,
			);
			path = Controllers;
			sourceTree = "<group>";
		};
		44EC428D2111D3EA0054584C /* Entrance */ = {
			isa = PBXGroup;
			children = (
				44D517E8211185E100ED8477 /* Entrance.storyboard */,
				44D517ED211185E300ED8477 /* LaunchScreen.storyboard */,
			);
			path = Entrance;
			sourceTree = "<group>";
		};
		44EC428E2111DF0E0054584C /* Extensions */ = {
			isa = PBXGroup;
			children = (
				44EC428F2111DF2C0054584C /* UIView+Tools.swift */,
			);
			path = Extensions;
			sourceTree = "<group>";
		};
		44EC42932112B02A0054584C /* Main */ = {
			isa = PBXGroup;
			children = (
				44EC42952112B0F60054584C /* MainCell.swift */,
				44561651211B1B9E002BE1B7 /* CommentCell.swift */,
				44EC42912112AF180054584C /* Main.storyboard */,
			);
			path = Main;
			sourceTree = "<group>";
		};
		44EC429B21131BC40054584C /* User */ = {
			isa = PBXGroup;
			children = (
				44EC429C21131BF90054584C /* UserHeaderView.swift */,
				44EC42A021131C1A0054584C /* User.storyboard */,
			);
			path = User;
			sourceTree = "<group>";
		};
		44EC42A4211422A20054584C /* Misc */ = {
			isa = PBXGroup;
			children = (
				44EC42A5211422BA0054584C /* ImageStackView.swift */,
			);
			path = Misc;
			sourceTree = "<group>";
		};
		44EC42AC2115DD7F0054584C /* Entrance */ = {
			isa = PBXGroup;
			children = (
				44EC4289211196170054584C /* LaunchViewController.swift */,
				44EC428B211196210054584C /* LoginViewController.swift */,
				44EC42A82115AB480054584C /* SignUpViewController.swift */,
				44EC42AA2115ABF60054584C /* PrivateKeyViewController.swift */,
				44EC42AD2115DE880054584C /* QRCodeScannerViewController.swift */,
			);
			path = Entrance;
			sourceTree = "<group>";
		};
		550BADC4A5198F721E9860DC /* Frameworks */ = {
			isa = PBXGroup;
			children = (
				EC75CBF2D9A3C98468DD9BC9 /* Pods_infnote.framework */,
			);
			name = Frameworks;
			sourceTree = "<group>";
		};
/* End PBXGroup section */

/* Begin PBXNativeTarget section */
		44D517E0211185E100ED8477 /* infnote */ = {
			isa = PBXNativeTarget;
			buildConfigurationList = 44D517F3211185E300ED8477 /* Build configuration list for PBXNativeTarget "infnote" */;
			buildPhases = (
				07ECAE60ACD673633B99E311 /* [CP] Check Pods Manifest.lock */,
				44D517DD211185E100ED8477 /* Sources */,
				44D517DE211185E100ED8477 /* Frameworks */,
				44D517DF211185E100ED8477 /* Resources */,
				3A4352E436FC818F730CF545 /* [CP] Embed Pods Frameworks */,
			);
			buildRules = (
			);
			dependencies = (
			);
			name = infnote;
			productName = infnote;
			productReference = 44D517E1211185E100ED8477 /* infnote.app */;
			productType = "com.apple.product-type.application";
		};
/* End PBXNativeTarget section */

/* Begin PBXProject section */
		44D517D9211185E100ED8477 /* Project object */ = {
			isa = PBXProject;
			attributes = {
				LastSwiftUpdateCheck = 0940;
				LastUpgradeCheck = 0940;
				ORGANIZATIONNAME = "Vergil Choi";
				TargetAttributes = {
					44D517E0211185E100ED8477 = {
						CreatedOnToolsVersion = 9.4.1;
						LastSwiftMigration = 1000;
					};
				};
			};
			buildConfigurationList = 44D517DC211185E100ED8477 /* Build configuration list for PBXProject "infnote" */;
			compatibilityVersion = "Xcode 9.3";
			developmentRegion = en;
			hasScannedForEncodings = 0;
			knownRegions = (
				en,
				Base,
			);
			mainGroup = 44D517D8211185E100ED8477;
			productRefGroup = 44D517E2211185E100ED8477 /* Products */;
			projectDirPath = "";
			projectRoot = "";
			targets = (
				44D517E0211185E100ED8477 /* infnote */,
			);
		};
/* End PBXProject section */

/* Begin PBXResourcesBuildPhase section */
		44D517DF211185E100ED8477 /* Resources */ = {
			isa = PBXResourcesBuildPhase;
			buildActionMask = 2147483647;
			files = (
				44D517EF211185E300ED8477 /* LaunchScreen.storyboard in Resources */,
				44D517EC211185E300ED8477 /* Assets.xcassets in Resources */,
				44EC42A121131C1A0054584C /* User.storyboard in Resources */,
				443138B32184597C000C7742 /* Developer.storyboard in Resources */,
				44D517EA211185E100ED8477 /* Entrance.storyboard in Resources */,
				44EC42922112AF180054584C /* Main.storyboard in Resources */,
			);
			runOnlyForDeploymentPostprocessing = 0;
		};
/* End PBXResourcesBuildPhase section */

/* Begin PBXShellScriptBuildPhase section */
		07ECAE60ACD673633B99E311 /* [CP] Check Pods Manifest.lock */ = {
			isa = PBXShellScriptBuildPhase;
			buildActionMask = 2147483647;
			files = (
			);
			inputPaths = (
				"${PODS_PODFILE_DIR_PATH}/Podfile.lock",
				"${PODS_ROOT}/Manifest.lock",
			);
			name = "[CP] Check Pods Manifest.lock";
			outputPaths = (
				"$(DERIVED_FILE_DIR)/Pods-infnote-checkManifestLockResult.txt",
			);
			runOnlyForDeploymentPostprocessing = 0;
			shellPath = /bin/sh;
			shellScript = "diff \"${PODS_PODFILE_DIR_PATH}/Podfile.lock\" \"${PODS_ROOT}/Manifest.lock\" > /dev/null\nif [ $? != 0 ] ; then\n    # print error to STDERR\n    echo \"error: The sandbox is not in sync with the Podfile.lock. Run 'pod install' or update your CocoaPods installation.\" >&2\n    exit 1\nfi\n# This output is used by Xcode 'outputs' to avoid re-running this script phase.\necho \"SUCCESS\" > \"${SCRIPT_OUTPUT_FILE_0}\"\n";
			showEnvVarsInLog = 0;
		};
		3A4352E436FC818F730CF545 /* [CP] Embed Pods Frameworks */ = {
			isa = PBXShellScriptBuildPhase;
			buildActionMask = 2147483647;
			files = (
			);
			inputPaths = (
				"${SRCROOT}/Pods/Target Support Files/Pods-infnote/Pods-infnote-frameworks.sh",
				"${BUILT_PRODUCTS_DIR}/Alamofire/Alamofire.framework",
				"${BUILT_PRODUCTS_DIR}/AlamofireObjectMapper/AlamofireObjectMapper.framework",
				"${BUILT_PRODUCTS_DIR}/CRRefresh/CRRefresh.framework",
				"${BUILT_PRODUCTS_DIR}/Down/Down.framework",
				"${BUILT_PRODUCTS_DIR}/IQKeyboardManagerSwift/IQKeyboardManagerSwift.framework",
				"${BUILT_PRODUCTS_DIR}/ImagePicker/ImagePicker.framework",
				"${BUILT_PRODUCTS_DIR}/InfnoteChain/InfnoteChain.framework",
				"${BUILT_PRODUCTS_DIR}/MJRefresh/MJRefresh.framework",
				"${BUILT_PRODUCTS_DIR}/ObjectMapper/ObjectMapper.framework",
				"${BUILT_PRODUCTS_DIR}/QRCode/QRCode.framework",
				"${BUILT_PRODUCTS_DIR}/Realm/Realm.framework",
				"${BUILT_PRODUCTS_DIR}/RealmSwift/RealmSwift.framework",
				"${BUILT_PRODUCTS_DIR}/SVProgressHUD/SVProgressHUD.framework",
				"${BUILT_PRODUCTS_DIR}/SnapKit/SnapKit.framework",
				"${BUILT_PRODUCTS_DIR}/Starscream/Starscream.framework",
				"${BUILT_PRODUCTS_DIR}/XLPagerTabStrip/XLPagerTabStrip.framework",
			);
			name = "[CP] Embed Pods Frameworks";
			outputPaths = (
				"${TARGET_BUILD_DIR}/${FRAMEWORKS_FOLDER_PATH}/Alamofire.framework",
				"${TARGET_BUILD_DIR}/${FRAMEWORKS_FOLDER_PATH}/AlamofireObjectMapper.framework",
				"${TARGET_BUILD_DIR}/${FRAMEWORKS_FOLDER_PATH}/CRRefresh.framework",
				"${TARGET_BUILD_DIR}/${FRAMEWORKS_FOLDER_PATH}/Down.framework",
				"${TARGET_BUILD_DIR}/${FRAMEWORKS_FOLDER_PATH}/IQKeyboardManagerSwift.framework",
				"${TARGET_BUILD_DIR}/${FRAMEWORKS_FOLDER_PATH}/ImagePicker.framework",
				"${TARGET_BUILD_DIR}/${FRAMEWORKS_FOLDER_PATH}/InfnoteChain.framework",
				"${TARGET_BUILD_DIR}/${FRAMEWORKS_FOLDER_PATH}/MJRefresh.framework",
				"${TARGET_BUILD_DIR}/${FRAMEWORKS_FOLDER_PATH}/ObjectMapper.framework",
				"${TARGET_BUILD_DIR}/${FRAMEWORKS_FOLDER_PATH}/QRCode.framework",
				"${TARGET_BUILD_DIR}/${FRAMEWORKS_FOLDER_PATH}/Realm.framework",
				"${TARGET_BUILD_DIR}/${FRAMEWORKS_FOLDER_PATH}/RealmSwift.framework",
				"${TARGET_BUILD_DIR}/${FRAMEWORKS_FOLDER_PATH}/SVProgressHUD.framework",
				"${TARGET_BUILD_DIR}/${FRAMEWORKS_FOLDER_PATH}/SnapKit.framework",
				"${TARGET_BUILD_DIR}/${FRAMEWORKS_FOLDER_PATH}/Starscream.framework",
				"${TARGET_BUILD_DIR}/${FRAMEWORKS_FOLDER_PATH}/XLPagerTabStrip.framework",
			);
			runOnlyForDeploymentPostprocessing = 0;
			shellPath = /bin/sh;
			shellScript = "\"${SRCROOT}/Pods/Target Support Files/Pods-infnote/Pods-infnote-frameworks.sh\"\n";
			showEnvVarsInLog = 0;
		};
/* End PBXShellScriptBuildPhase section */

/* Begin PBXSourcesBuildPhase section */
		44D517DD211185E100ED8477 /* Sources */ = {
			isa = PBXSourcesBuildPhase;
			buildActionMask = 2147483647;
			files = (
				443F68F3211DA48100ADF657 /* NoteFlowViewController.swift in Sources */,
				4434257721268DBC00A5F738 /* UserNotificationViewController.swift in Sources */,
				44EC42AB2115ABF60054584C /* PrivateKeyViewController.swift in Sources */,
				44EC42A92115AB480054584C /* SignUpViewController.swift in Sources */,
				44561650211AFD37002BE1B7 /* NoteViewController.swift in Sources */,
				443138AA21845947000C7742 /* AddChainViewController.swift in Sources */,
				443138AF21845947000C7742 /* NewBlockViewController.swift in Sources */,
				44EC42AE2115DE880054584C /* QRCodeScannerViewController.swift in Sources */,
				44561656211D885B002BE1B7 /* DiscoveryViewController.swift in Sources */,
				44EC42902111DF2C0054584C /* UIView+Tools.swift in Sources */,
				443138AC21845947000C7742 /* ChainsViewController.swift in Sources */,
				44561652211B1B9E002BE1B7 /* CommentCell.swift in Sources */,
				44EC428C211196210054584C /* LoginViewController.swift in Sources */,
				44EC429F21131C0C0054584C /* UserViewController.swift in Sources */,
				443138B521849337000C7742 /* Extensions.swift in Sources */,
				443F68F1211DA3FD00ADF657 /* FollowingViewController.swift in Sources */,
				44D517E5211185E100ED8477 /* AppDelegate.swift in Sources */,
				44EC428A211196170054584C /* LaunchViewController.swift in Sources */,
				443138B121845947000C7742 /* NewChainViewController.swift in Sources */,
				44561654211C3075002BE1B7 /* KeyPairViewController.swift in Sources */,
				443138B021845947000C7742 /* BlockDetailViewController.swift in Sources */,
				44EC429D21131BF90054584C /* UserHeaderView.swift in Sources */,
				44EC42972112B0F60054584C /* MainCell.swift in Sources */,
				443F68EF211D9D1D00ADF657 /* TopicCollectionViewController.swift in Sources */,
				44EC42A3211345820054584C /* Consts.swift in Sources */,
				443138AE21845947000C7742 /* BlocksViewController.swift in Sources */,
				4434257521255FE500A5F738 /* MeViewController.swift in Sources */,
				44EC429A2112B9B90054584C /* HomeViewController.swift in Sources */,
				443138AD21845947000C7742 /* PeersViewController.swift in Sources */,
				443F68F72122F0E100ADF657 /* NewNoteViewController.swift in Sources */,
				443138AB21845947000C7742 /* AddPeerViewController.swift in Sources */,
				443425732125592D00A5F738 /* ProfileEditViewController.swift in Sources */,
				443F68F5211F00C100ADF657 /* DiscoveryContainerViewController.swift in Sources */,
				44636974215B568A00373FB8 /* Models.swift in Sources */,
				44EC42A6211422BA0054584C /* ImageStackView.swift in Sources */,
				44636972215B533F00373FB8 /* Networking.swift in Sources */,
			);
			runOnlyForDeploymentPostprocessing = 0;
		};
/* End PBXSourcesBuildPhase section */

/* Begin PBXVariantGroup section */
		44D517E8211185E100ED8477 /* Entrance.storyboard */ = {
			isa = PBXVariantGroup;
			children = (
				44D517E9211185E100ED8477 /* Base */,
			);
			name = Entrance.storyboard;
			sourceTree = "<group>";
		};
		44D517ED211185E300ED8477 /* LaunchScreen.storyboard */ = {
			isa = PBXVariantGroup;
			children = (
				44D517EE211185E300ED8477 /* Base */,
			);
			name = LaunchScreen.storyboard;
			sourceTree = "<group>";
		};
/* End PBXVariantGroup section */

/* Begin XCBuildConfiguration section */
		44D517F1211185E300ED8477 /* Debug */ = {
			isa = XCBuildConfiguration;
			buildSettings = {
				ALWAYS_SEARCH_USER_PATHS = NO;
				CLANG_ANALYZER_NONNULL = YES;
				CLANG_ANALYZER_NUMBER_OBJECT_CONVERSION = YES_AGGRESSIVE;
				CLANG_CXX_LANGUAGE_STANDARD = "gnu++14";
				CLANG_CXX_LIBRARY = "libc++";
				CLANG_ENABLE_MODULES = YES;
				CLANG_ENABLE_OBJC_ARC = YES;
				CLANG_ENABLE_OBJC_WEAK = YES;
				CLANG_WARN_BLOCK_CAPTURE_AUTORELEASING = YES;
				CLANG_WARN_BOOL_CONVERSION = YES;
				CLANG_WARN_COMMA = YES;
				CLANG_WARN_CONSTANT_CONVERSION = YES;
				CLANG_WARN_DEPRECATED_OBJC_IMPLEMENTATIONS = YES;
				CLANG_WARN_DIRECT_OBJC_ISA_USAGE = YES_ERROR;
				CLANG_WARN_DOCUMENTATION_COMMENTS = YES;
				CLANG_WARN_EMPTY_BODY = YES;
				CLANG_WARN_ENUM_CONVERSION = YES;
				CLANG_WARN_INFINITE_RECURSION = YES;
				CLANG_WARN_INT_CONVERSION = YES;
				CLANG_WARN_NON_LITERAL_NULL_CONVERSION = YES;
				CLANG_WARN_OBJC_IMPLICIT_RETAIN_SELF = YES;
				CLANG_WARN_OBJC_LITERAL_CONVERSION = YES;
				CLANG_WARN_OBJC_ROOT_CLASS = YES_ERROR;
				CLANG_WARN_RANGE_LOOP_ANALYSIS = YES;
				CLANG_WARN_STRICT_PROTOTYPES = YES;
				CLANG_WARN_SUSPICIOUS_MOVE = YES;
				CLANG_WARN_UNGUARDED_AVAILABILITY = YES_AGGRESSIVE;
				CLANG_WARN_UNREACHABLE_CODE = YES;
				CLANG_WARN__DUPLICATE_METHOD_MATCH = YES;
				CODE_SIGN_IDENTITY = "iPhone Developer";
				COPY_PHASE_STRIP = NO;
				DEBUG_INFORMATION_FORMAT = dwarf;
				ENABLE_STRICT_OBJC_MSGSEND = YES;
				ENABLE_TESTABILITY = YES;
				GCC_C_LANGUAGE_STANDARD = gnu11;
				GCC_DYNAMIC_NO_PIC = NO;
				GCC_NO_COMMON_BLOCKS = YES;
				GCC_OPTIMIZATION_LEVEL = 0;
				GCC_PREPROCESSOR_DEFINITIONS = (
					"DEBUG=1",
					"$(inherited)",
				);
				GCC_WARN_64_TO_32_BIT_CONVERSION = YES;
				GCC_WARN_ABOUT_RETURN_TYPE = YES_ERROR;
				GCC_WARN_UNDECLARED_SELECTOR = YES;
				GCC_WARN_UNINITIALIZED_AUTOS = YES_AGGRESSIVE;
				GCC_WARN_UNUSED_FUNCTION = YES;
				GCC_WARN_UNUSED_VARIABLE = YES;
				IPHONEOS_DEPLOYMENT_TARGET = 11.0;
				MTL_ENABLE_DEBUG_INFO = YES;
				ONLY_ACTIVE_ARCH = YES;
				SDKROOT = iphoneos;
				SWIFT_ACTIVE_COMPILATION_CONDITIONS = DEBUG;
				SWIFT_OPTIMIZATION_LEVEL = "-Onone";
			};
			name = Debug;
		};
		44D517F2211185E300ED8477 /* Release */ = {
			isa = XCBuildConfiguration;
			buildSettings = {
				ALWAYS_SEARCH_USER_PATHS = NO;
				CLANG_ANALYZER_NONNULL = YES;
				CLANG_ANALYZER_NUMBER_OBJECT_CONVERSION = YES_AGGRESSIVE;
				CLANG_CXX_LANGUAGE_STANDARD = "gnu++14";
				CLANG_CXX_LIBRARY = "libc++";
				CLANG_ENABLE_MODULES = YES;
				CLANG_ENABLE_OBJC_ARC = YES;
				CLANG_ENABLE_OBJC_WEAK = YES;
				CLANG_WARN_BLOCK_CAPTURE_AUTORELEASING = YES;
				CLANG_WARN_BOOL_CONVERSION = YES;
				CLANG_WARN_COMMA = YES;
				CLANG_WARN_CONSTANT_CONVERSION = YES;
				CLANG_WARN_DEPRECATED_OBJC_IMPLEMENTATIONS = YES;
				CLANG_WARN_DIRECT_OBJC_ISA_USAGE = YES_ERROR;
				CLANG_WARN_DOCUMENTATION_COMMENTS = YES;
				CLANG_WARN_EMPTY_BODY = YES;
				CLANG_WARN_ENUM_CONVERSION = YES;
				CLANG_WARN_INFINITE_RECURSION = YES;
				CLANG_WARN_INT_CONVERSION = YES;
				CLANG_WARN_NON_LITERAL_NULL_CONVERSION = YES;
				CLANG_WARN_OBJC_IMPLICIT_RETAIN_SELF = YES;
				CLANG_WARN_OBJC_LITERAL_CONVERSION = YES;
				CLANG_WARN_OBJC_ROOT_CLASS = YES_ERROR;
				CLANG_WARN_RANGE_LOOP_ANALYSIS = YES;
				CLANG_WARN_STRICT_PROTOTYPES = YES;
				CLANG_WARN_SUSPICIOUS_MOVE = YES;
				CLANG_WARN_UNGUARDED_AVAILABILITY = YES_AGGRESSIVE;
				CLANG_WARN_UNREACHABLE_CODE = YES;
				CLANG_WARN__DUPLICATE_METHOD_MATCH = YES;
				CODE_SIGN_IDENTITY = "iPhone Developer";
				COPY_PHASE_STRIP = NO;
				DEBUG_INFORMATION_FORMAT = "dwarf-with-dsym";
				ENABLE_NS_ASSERTIONS = NO;
				ENABLE_STRICT_OBJC_MSGSEND = YES;
				GCC_C_LANGUAGE_STANDARD = gnu11;
				GCC_NO_COMMON_BLOCKS = YES;
				GCC_WARN_64_TO_32_BIT_CONVERSION = YES;
				GCC_WARN_ABOUT_RETURN_TYPE = YES_ERROR;
				GCC_WARN_UNDECLARED_SELECTOR = YES;
				GCC_WARN_UNINITIALIZED_AUTOS = YES_AGGRESSIVE;
				GCC_WARN_UNUSED_FUNCTION = YES;
				GCC_WARN_UNUSED_VARIABLE = YES;
				IPHONEOS_DEPLOYMENT_TARGET = 11.0;
				MTL_ENABLE_DEBUG_INFO = NO;
				SDKROOT = iphoneos;
				SWIFT_COMPILATION_MODE = wholemodule;
				SWIFT_OPTIMIZATION_LEVEL = "-O";
				VALIDATE_PRODUCT = YES;
			};
			name = Release;
		};
		44D517F4211185E300ED8477 /* Debug */ = {
			isa = XCBuildConfiguration;
			baseConfigurationReference = 7446F1B1BF617A51F2456C3F /* Pods-infnote.debug.xcconfig */;
			buildSettings = {
				ASSETCATALOG_COMPILER_APPICON_NAME = AppIcon;
				CODE_SIGN_STYLE = Automatic;
				DEVELOPMENT_TEAM = 7HDAS685HR;
				INFOPLIST_FILE = "$(SRCROOT)/infnote/Resources/Info.plist";
				IPHONEOS_DEPLOYMENT_TARGET = 11.0;
				LD_RUNPATH_SEARCH_PATHS = (
					"$(inherited)",
					"@executable_path/Frameworks",
				);
				PRODUCT_BUNDLE_IDENTIFIER = com.infnote.app;
				PRODUCT_NAME = "$(TARGET_NAME)";
				SWIFT_OBJC_BRIDGING_HEADER = "$(SRCROOT)/infnote/Resources/Bridge.h";
				SWIFT_VERSION = 4.2;
				TARGETED_DEVICE_FAMILY = 1;
			};
			name = Debug;
		};
		44D517F5211185E300ED8477 /* Release */ = {
			isa = XCBuildConfiguration;
			baseConfigurationReference = 2C2CF4077FA2A36AB2BE111D /* Pods-infnote.release.xcconfig */;
			buildSettings = {
				ASSETCATALOG_COMPILER_APPICON_NAME = AppIcon;
				CODE_SIGN_STYLE = Automatic;
				DEVELOPMENT_TEAM = 7HDAS685HR;
				INFOPLIST_FILE = "$(SRCROOT)/infnote/Resources/Info.plist";
				IPHONEOS_DEPLOYMENT_TARGET = 11.0;
				LD_RUNPATH_SEARCH_PATHS = (
					"$(inherited)",
					"@executable_path/Frameworks",
				);
				PRODUCT_BUNDLE_IDENTIFIER = com.infnote.app;
				PRODUCT_NAME = "$(TARGET_NAME)";
				SWIFT_OBJC_BRIDGING_HEADER = "$(SRCROOT)/infnote/Resources/Bridge.h";
				SWIFT_VERSION = 4.2;
				TARGETED_DEVICE_FAMILY = 1;
			};
			name = Release;
		};
/* End XCBuildConfiguration section */

/* Begin XCConfigurationList section */
		44D517DC211185E100ED8477 /* Build configuration list for PBXProject "infnote" */ = {
			isa = XCConfigurationList;
			buildConfigurations = (
				44D517F1211185E300ED8477 /* Debug */,
				44D517F2211185E300ED8477 /* Release */,
			);
			defaultConfigurationIsVisible = 0;
			defaultConfigurationName = Release;
		};
		44D517F3211185E300ED8477 /* Build configuration list for PBXNativeTarget "infnote" */ = {
			isa = XCConfigurationList;
			buildConfigurations = (
				44D517F4211185E300ED8477 /* Debug */,
				44D517F5211185E300ED8477 /* Release */,
			);
			defaultConfigurationIsVisible = 0;
			defaultConfigurationName = Release;
		};
/* End XCConfigurationList section */
	};
	rootObject = 44D517D9211185E100ED8477 /* Project object */;
}
